
Microsoft Visual Studio Solution File, Format Version 12.00
# Visual Studio Version 16
VisualStudioVersion = 16.0.30804.86
MinimumVisualStudioVersion = 10.0.40219.1
Project("{9A19103F-16F7-4668-BE54-9A1E7A4F7556}") = "Bus.Web", "Bus.Web\Bus.Web.csproj", "{0AB19999-6066-4A60-BFF9-01C93CBBE935}"
EndProject
Project("{FAE04EC0-301F-11D3-BF4B-00C04F79EFBC}") = "Bus.Data", "Bus.Data\Bus.Data.csproj", "{2215505B-59B7-4BA2-9475-388B184D245E}"
EndProject
Global
	GlobalSection(SolutionConfigurationPlatforms) = preSolution
		Debug|Any CPU = Debug|Any CPU
		Release|Any CPU = Release|Any CPU
	EndGlobalSection
	GlobalSection(ProjectConfigurationPlatforms) = postSolution
		{0AB19999-6066-4A60-BFF9-01C93CBBE935}.Debug|Any CPU.ActiveCfg = Debug|Any CPU
		{0AB19999-6066-4A60-BFF9-01C93CBBE935}.Debug|Any CPU.Build.0 = Debug|Any CPU
		{0AB19999-6066-4A60-BFF9-01C93CBBE935}.Release|Any CPU.ActiveCfg = Release|Any CPU
		{0AB19999-6066-4A60-BFF9-01C93CBBE935}.Release|Any CPU.Build.0 = Release|Any CPU
		{2215505B-59B7-4BA2-9475-388B184D245E}.Debug|Any CPU.ActiveCfg = Debug|Any CPU
		{2215505B-59B7-4BA2-9475-388B184D245E}.Debug|Any CPU.Build.0 = Debug|Any CPU
		{2215505B-59B7-4BA2-9475-388B184D245E}.Release|Any CPU.ActiveCfg = Release|Any CPU
		{2215505B-59B7-4BA2-9475-388B184D245E}.Release|Any CPU.Build.0 = Release|Any CPU
	EndGlobalSection
	GlobalSection(SolutionProperties) = preSolution
		HideSolutionNode = FALSE
	EndGlobalSection
	GlobalSection(ExtensibilityGlobals) = postSolution
		SolutionGuid = {46B3EACB-51C2-40A6-9EE8-9C8E753231F0}
	EndGlobalSection
EndGlobal
